// !$*UTF8*$!
{
	archiveVersion = 1;
	classes = {
	};
	objectVersion = 55;
	objects = {

/* Begin PBXBuildFile section */
		014DA527268234510054A482 /* daylightApp.swift in Sources */ = {isa = PBXBuildFile; fileRef = 014DA519268234500054A482 /* daylightApp.swift */; };
		014DA528268234510054A482 /* daylightApp.swift in Sources */ = {isa = PBXBuildFile; fileRef = 014DA519268234500054A482 /* daylightApp.swift */; };
		014DA529268234510054A482 /* ContentView.swift in Sources */ = {isa = PBXBuildFile; fileRef = 014DA51A268234500054A482 /* ContentView.swift */; };
		014DA52A268234510054A482 /* ContentView.swift in Sources */ = {isa = PBXBuildFile; fileRef = 014DA51A268234500054A482 /* ContentView.swift */; };
		014DA52B268234510054A482 /* Assets.xcassets in Resources */ = {isa = PBXBuildFile; fileRef = 014DA51B268234510054A482 /* Assets.xcassets */; };
		014DA52C268234510054A482 /* Assets.xcassets in Resources */ = {isa = PBXBuildFile; fileRef = 014DA51B268234510054A482 /* Assets.xcassets */; };
		014DA5392682347A0054A482 /* sunriset.c in Sources */ = {isa = PBXBuildFile; fileRef = 014DA5382682347A0054A482 /* sunriset.c */; };
		014DA53A2682347A0054A482 /* sunriset.c in Sources */ = {isa = PBXBuildFile; fileRef = 014DA5382682347A0054A482 /* sunriset.c */; };
		014DA53F268239490054A482 /* timezones.json in Resources */ = {isa = PBXBuildFile; fileRef = 014DA53C268239480054A482 /* timezones.json */; };
		014DA540268239490054A482 /* timezones.json in Resources */ = {isa = PBXBuildFile; fileRef = 014DA53C268239480054A482 /* timezones.json */; };
		014DA541268239490054A482 /* TimeZoneLocate.swift in Sources */ = {isa = PBXBuildFile; fileRef = 014DA53E268239490054A482 /* TimeZoneLocate.swift */; };
		014DA542268239490054A482 /* TimeZoneLocate.swift in Sources */ = {isa = PBXBuildFile; fileRef = 014DA53E268239490054A482 /* TimeZoneLocate.swift */; };
		014DA547268247EA0054A482 /* Globals.swift in Sources */ = {isa = PBXBuildFile; fileRef = 014DA546268247EA0054A482 /* Globals.swift */; };
		014DA548268247EA0054A482 /* Globals.swift in Sources */ = {isa = PBXBuildFile; fileRef = 014DA546268247EA0054A482 /* Globals.swift */; };
		01D6E730268352E800285DF4 /* Model.swift in Sources */ = {isa = PBXBuildFile; fileRef = 01D6E72F2683529400285DF4 /* Model.swift */; };
		01D6E731268352E800285DF4 /* Shapes.swift in Sources */ = {isa = PBXBuildFile; fileRef = 01D6E72E2683527D00285DF4 /* Shapes.swift */; };
		01D6E732268352F400285DF4 /* Model.swift in Sources */ = {isa = PBXBuildFile; fileRef = 01D6E72F2683529400285DF4 /* Model.swift */; };
		01D6E733268352F400285DF4 /* Shapes.swift in Sources */ = {isa = PBXBuildFile; fileRef = 01D6E72E2683527D00285DF4 /* Shapes.swift */; };
		01D6E7352683533600285DF4 /* Extensions.swift in Sources */ = {isa = PBXBuildFile; fileRef = 01D6E7342683531F00285DF4 /* Extensions.swift */; };
		01D6E7362683533900285DF4 /* Extensions.swift in Sources */ = {isa = PBXBuildFile; fileRef = 01D6E7342683531F00285DF4 /* Extensions.swift */; };
/* End PBXBuildFile section */

/* Begin PBXFileReference section */
		014DA519268234500054A482 /* daylightApp.swift */ = {isa = PBXFileReference; lastKnownFileType = sourcecode.swift; path = daylightApp.swift; sourceTree = "<group>"; };
		014DA51A268234500054A482 /* ContentView.swift */ = {isa = PBXFileReference; lastKnownFileType = sourcecode.swift; path = ContentView.swift; sourceTree = "<group>"; };
		014DA51B268234510054A482 /* Assets.xcassets */ = {isa = PBXFileReference; lastKnownFileType = folder.assetcatalog; path = Assets.xcassets; sourceTree = "<group>"; };
		014DA520268234510054A482 /* daylight.app */ = {isa = PBXFileReference; explicitFileType = wrapper.application; includeInIndex = 0; path = daylight.app; sourceTree = BUILT_PRODUCTS_DIR; };
		014DA526268234510054A482 /* daylight.app */ = {isa = PBXFileReference; explicitFileType = wrapper.application; includeInIndex = 0; path = daylight.app; sourceTree = BUILT_PRODUCTS_DIR; };
		014DA535268234790054A482 /* daylight (iOS)-Bridging-Header.h */ = {isa = PBXFileReference; lastKnownFileType = sourcecode.c.h; path = "daylight (iOS)-Bridging-Header.h"; sourceTree = "<group>"; };
		014DA536268234790054A482 /* daylight (macOS)-Bridging-Header.h */ = {isa = PBXFileReference; lastKnownFileType = sourcecode.c.h; path = "daylight (macOS)-Bridging-Header.h"; sourceTree = "<group>"; };
		014DA5372682347A0054A482 /* sunriset.h */ = {isa = PBXFileReference; lastKnownFileType = sourcecode.c.h; path = sunriset.h; sourceTree = "<group>"; };
		014DA5382682347A0054A482 /* sunriset.c */ = {isa = PBXFileReference; lastKnownFileType = sourcecode.c.c; path = sunriset.c; sourceTree = "<group>"; };
		014DA53C268239480054A482 /* timezones.json */ = {isa = PBXFileReference; fileEncoding = 4; lastKnownFileType = text.json; path = timezones.json; sourceTree = "<group>"; };
		014DA53E268239490054A482 /* TimeZoneLocate.swift */ = {isa = PBXFileReference; fileEncoding = 4; lastKnownFileType = sourcecode.swift; path = TimeZoneLocate.swift; sourceTree = "<group>"; };
		014DA543268244390054A482 /* daylight.entitlements */ = {isa = PBXFileReference; lastKnownFileType = text.plist.entitlements; path = daylight.entitlements; sourceTree = "<group>"; };
		014DA544268247080054A482 /* daylight--iOS--Info.plist */ = {isa = PBXFileReference; lastKnownFileType = text.plist; path = "daylight--iOS--Info.plist"; sourceTree = "<group>"; };
		014DA5452682471A0054A482 /* daylight--macOS--Info.plist */ = {isa = PBXFileReference; lastKnownFileType = text.plist; path = "daylight--macOS--Info.plist"; sourceTree = "<group>"; };
		014DA546268247EA0054A482 /* Globals.swift */ = {isa = PBXFileReference; lastKnownFileType = sourcecode.swift; path = Globals.swift; sourceTree = "<group>"; };
		019170972685FFE5008CB324 /* README.md */ = {isa = PBXFileReference; lastKnownFileType = net.daringfireball.markdown; path = README.md; sourceTree = "<group>"; };
		0191709826860072008CB324 /* daylight.png */ = {isa = PBXFileReference; lastKnownFileType = image.png; path = daylight.png; sourceTree = "<group>"; };
		01D6E72E2683527D00285DF4 /* Shapes.swift */ = {isa = PBXFileReference; lastKnownFileType = sourcecode.swift; path = Shapes.swift; sourceTree = "<group>"; };
		01D6E72F2683529400285DF4 /* Model.swift */ = {isa = PBXFileReference; lastKnownFileType = sourcecode.swift; path = Model.swift; sourceTree = "<group>"; };
		01D6E7342683531F00285DF4 /* Extensions.swift */ = {isa = PBXFileReference; lastKnownFileType = sourcecode.swift; path = Extensions.swift; sourceTree = "<group>"; };
/* End PBXFileReference section */

/* Begin PBXFrameworksBuildPhase section */
		014DA51D268234510054A482 /* Frameworks */ = {
			isa = PBXFrameworksBuildPhase;
			buildActionMask = 2147483647;
			files = (
			);
			runOnlyForDeploymentPostprocessing = 0;
		};
		014DA523268234510054A482 /* Frameworks */ = {
			isa = PBXFrameworksBuildPhase;
			buildActionMask = 2147483647;
			files = (
			);
			runOnlyForDeploymentPostprocessing = 0;
		};
/* End PBXFrameworksBuildPhase section */

/* Begin PBXGroup section */
		014DA513268234500054A482 = {
			isa = PBXGroup;
			children = (
				0191709826860072008CB324 /* daylight.png */,
				019170972685FFE5008CB324 /* README.md */,
				014DA5452682471A0054A482 /* daylight--macOS--Info.plist */,
				014DA544268247080054A482 /* daylight--iOS--Info.plist */,
				014DA543268244390054A482 /* daylight.entitlements */,
				014DA518268234500054A482 /* Shared */,
				014DA521268234510054A482 /* Products */,
			);
			sourceTree = "<group>";
		};
		014DA518268234500054A482 /* Shared */ = {
			isa = PBXGroup;
			children = (
				014DA53B268239480054A482 /* Assets */,
				014DA53D268239490054A482 /* Classes */,
				014DA519268234500054A482 /* daylightApp.swift */,
				014DA51A268234500054A482 /* ContentView.swift */,
				01D6E7342683531F00285DF4 /* Extensions.swift */,
				01D6E72F2683529400285DF4 /* Model.swift */,
				01D6E72E2683527D00285DF4 /* Shapes.swift */,
				014DA546268247EA0054A482 /* Globals.swift */,
				014DA5372682347A0054A482 /* sunriset.h */,
				014DA5382682347A0054A482 /* sunriset.c */,
				014DA51B268234510054A482 /* Assets.xcassets */,
				014DA535268234790054A482 /* daylight (iOS)-Bridging-Header.h */,
				014DA536268234790054A482 /* daylight (macOS)-Bridging-Header.h */,
			);
			path = Shared;
			sourceTree = "<group>";
		};
		014DA521268234510054A482 /* Products */ = {
			isa = PBXGroup;
			children = (
				014DA520268234510054A482 /* daylight.app */,
				014DA526268234510054A482 /* daylight.app */,
			);
			name = Products;
			sourceTree = "<group>";
		};
		014DA53B268239480054A482 /* Assets */ = {
			isa = PBXGroup;
			children = (
				014DA53C268239480054A482 /* timezones.json */,
			);
			path = Assets;
			sourceTree = "<group>";
		};
		014DA53D268239490054A482 /* Classes */ = {
			isa = PBXGroup;
			children = (
				014DA53E268239490054A482 /* TimeZoneLocate.swift */,
			);
			path = Classes;
			sourceTree = "<group>";
		};
/* End PBXGroup section */

/* Begin PBXNativeTarget section */
		014DA51F268234510054A482 /* daylight (iOS) */ = {
			isa = PBXNativeTarget;
			buildConfigurationList = 014DA52F268234510054A482 /* Build configuration list for PBXNativeTarget "daylight (iOS)" */;
			buildPhases = (
				014DA51C268234510054A482 /* Sources */,
				014DA51D268234510054A482 /* Frameworks */,
				014DA51E268234510054A482 /* Resources */,
			);
			buildRules = (
			);
			dependencies = (
			);
			name = "daylight (iOS)";
			productName = "daylight (iOS)";
			productReference = 014DA520268234510054A482 /* daylight.app */;
			productType = "com.apple.product-type.application";
		};
		014DA525268234510054A482 /* daylight (macOS) */ = {
			isa = PBXNativeTarget;
			buildConfigurationList = 014DA532268234510054A482 /* Build configuration list for PBXNativeTarget "daylight (macOS)" */;
			buildPhases = (
				014DA522268234510054A482 /* Sources */,
				014DA523268234510054A482 /* Frameworks */,
				014DA524268234510054A482 /* Resources */,
			);
			buildRules = (
			);
			dependencies = (
			);
			name = "daylight (macOS)";
			productName = "daylight (macOS)";
			productReference = 014DA526268234510054A482 /* daylight.app */;
			productType = "com.apple.product-type.application";
		};
/* End PBXNativeTarget section */

/* Begin PBXProject section */
		014DA514268234500054A482 /* Project object */ = {
			isa = PBXProject;
			attributes = {
				BuildIndependentTargetsInParallel = 1;
				LastSwiftUpdateCheck = 1300;
				LastUpgradeCheck = 1300;
				TargetAttributes = {
					014DA51F268234510054A482 = {
						CreatedOnToolsVersion = 13.0;
						LastSwiftMigration = 1300;
					};
					014DA525268234510054A482 = {
						CreatedOnToolsVersion = 13.0;
						LastSwiftMigration = 1300;
					};
				};
			};
			buildConfigurationList = 014DA517268234500054A482 /* Build configuration list for PBXProject "daylight" */;
			compatibilityVersion = "Xcode 13.0";
			developmentRegion = en;
			hasScannedForEncodings = 0;
			knownRegions = (
				en,
				Base,
			);
			mainGroup = 014DA513268234500054A482;
			productRefGroup = 014DA521268234510054A482 /* Products */;
			projectDirPath = "";
			projectRoot = "";
			targets = (
				014DA51F268234510054A482 /* daylight (iOS) */,
				014DA525268234510054A482 /* daylight (macOS) */,
			);
		};
/* End PBXProject section */

/* Begin PBXResourcesBuildPhase section */
		014DA51E268234510054A482 /* Resources */ = {
			isa = PBXResourcesBuildPhase;
			buildActionMask = 2147483647;
			files = (
				014DA53F268239490054A482 /* timezones.json in Resources */,
				014DA52B268234510054A482 /* Assets.xcassets in Resources */,
			);
			runOnlyForDeploymentPostprocessing = 0;
		};
		014DA524268234510054A482 /* Resources */ = {
			isa = PBXResourcesBuildPhase;
			buildActionMask = 2147483647;
			files = (
				014DA540268239490054A482 /* timezones.json in Resources */,
				014DA52C268234510054A482 /* Assets.xcassets in Resources */,
			);
			runOnlyForDeploymentPostprocessing = 0;
		};
/* End PBXResourcesBuildPhase section */

/* Begin PBXSourcesBuildPhase section */
		014DA51C268234510054A482 /* Sources */ = {
			isa = PBXSourcesBuildPhase;
			buildActionMask = 2147483647;
			files = (
				01D6E7352683533600285DF4 /* Extensions.swift in Sources */,
				01D6E732268352F400285DF4 /* Model.swift in Sources */,
				01D6E733268352F400285DF4 /* Shapes.swift in Sources */,
				014DA5392682347A0054A482 /* sunriset.c in Sources */,
				014DA529268234510054A482 /* ContentView.swift in Sources */,
				014DA541268239490054A482 /* TimeZoneLocate.swift in Sources */,
				014DA547268247EA0054A482 /* Globals.swift in Sources */,
				014DA527268234510054A482 /* daylightApp.swift in Sources */,
			);
			runOnlyForDeploymentPostprocessing = 0;
		};
		014DA522268234510054A482 /* Sources */ = {
			isa = PBXSourcesBuildPhase;
			buildActionMask = 2147483647;
			files = (
				01D6E7362683533900285DF4 /* Extensions.swift in Sources */,
				01D6E730268352E800285DF4 /* Model.swift in Sources */,
				01D6E731268352E800285DF4 /* Shapes.swift in Sources */,
				014DA53A2682347A0054A482 /* sunriset.c in Sources */,
				014DA52A268234510054A482 /* ContentView.swift in Sources */,
				014DA542268239490054A482 /* TimeZoneLocate.swift in Sources */,
				014DA548268247EA0054A482 /* Globals.swift in Sources */,
				014DA528268234510054A482 /* daylightApp.swift in Sources */,
			);
			runOnlyForDeploymentPostprocessing = 0;
		};
/* End PBXSourcesBuildPhase section */

/* Begin XCBuildConfiguration section */
		014DA52D268234510054A482 /* Debug */ = {
			isa = XCBuildConfiguration;
			buildSettings = {
				ALWAYS_SEARCH_USER_PATHS = NO;
				CLANG_ANALYZER_NONNULL = YES;
				CLANG_ANALYZER_NUMBER_OBJECT_CONVERSION = YES_AGGRESSIVE;
				CLANG_CXX_LANGUAGE_STANDARD = "gnu++14";
				CLANG_CXX_LIBRARY = "libc++";
				CLANG_ENABLE_MODULES = YES;
				CLANG_ENABLE_OBJC_ARC = YES;
				CLANG_ENABLE_OBJC_WEAK = YES;
				CLANG_WARN_BLOCK_CAPTURE_AUTORELEASING = YES;
				CLANG_WARN_BOOL_CONVERSION = YES;
				CLANG_WARN_COMMA = YES;
				CLANG_WARN_CONSTANT_CONVERSION = YES;
				CLANG_WARN_DEPRECATED_OBJC_IMPLEMENTATIONS = YES;
				CLANG_WARN_DIRECT_OBJC_ISA_USAGE = YES_ERROR;
				CLANG_WARN_DOCUMENTATION_COMMENTS = YES;
				CLANG_WARN_EMPTY_BODY = YES;
				CLANG_WARN_ENUM_CONVERSION = YES;
				CLANG_WARN_INFINITE_RECURSION = YES;
				CLANG_WARN_INT_CONVERSION = YES;
				CLANG_WARN_NON_LITERAL_NULL_CONVERSION = YES;
				CLANG_WARN_OBJC_IMPLICIT_RETAIN_SELF = YES;
				CLANG_WARN_OBJC_LITERAL_CONVERSION = YES;
				CLANG_WARN_OBJC_ROOT_CLASS = YES_ERROR;
				CLANG_WARN_QUOTED_INCLUDE_IN_FRAMEWORK_HEADER = YES;
				CLANG_WARN_RANGE_LOOP_ANALYSIS = YES;
				CLANG_WARN_STRICT_PROTOTYPES = YES;
				CLANG_WARN_SUSPICIOUS_MOVE = YES;
				CLANG_WARN_UNGUARDED_AVAILABILITY = YES_AGGRESSIVE;
				CLANG_WARN_UNREACHABLE_CODE = YES;
				CLANG_WARN__DUPLICATE_METHOD_MATCH = YES;
				COPY_PHASE_STRIP = NO;
				DEBUG_INFORMATION_FORMAT = dwarf;
				ENABLE_STRICT_OBJC_MSGSEND = YES;
				ENABLE_TESTABILITY = YES;
				GCC_C_LANGUAGE_STANDARD = gnu11;
				GCC_DYNAMIC_NO_PIC = NO;
				GCC_NO_COMMON_BLOCKS = YES;
				GCC_OPTIMIZATION_LEVEL = 0;
				GCC_PREPROCESSOR_DEFINITIONS = (
					"DEBUG=1",
					"$(inherited)",
				);
				GCC_WARN_64_TO_32_BIT_CONVERSION = YES;
				GCC_WARN_ABOUT_RETURN_TYPE = YES_ERROR;
				GCC_WARN_UNDECLARED_SELECTOR = YES;
				GCC_WARN_UNINITIALIZED_AUTOS = YES_AGGRESSIVE;
				GCC_WARN_UNUSED_FUNCTION = YES;
				GCC_WARN_UNUSED_VARIABLE = YES;
				MTL_ENABLE_DEBUG_INFO = INCLUDE_SOURCE;
				MTL_FAST_MATH = YES;
				ONLY_ACTIVE_ARCH = YES;
				SWIFT_ACTIVE_COMPILATION_CONDITIONS = DEBUG;
				SWIFT_OPTIMIZATION_LEVEL = "-Onone";
			};
			name = Debug;
		};
		014DA52E268234510054A482 /* Release */ = {
			isa = XCBuildConfiguration;
			buildSettings = {
				ALWAYS_SEARCH_USER_PATHS = NO;
				CLANG_ANALYZER_NONNULL = YES;
				CLANG_ANALYZER_NUMBER_OBJECT_CONVERSION = YES_AGGRESSIVE;
				CLANG_CXX_LANGUAGE_STANDARD = "gnu++14";
				CLANG_CXX_LIBRARY = "libc++";
				CLANG_ENABLE_MODULES = YES;
				CLANG_ENABLE_OBJC_ARC = YES;
				CLANG_ENABLE_OBJC_WEAK = YES;
				CLANG_WARN_BLOCK_CAPTURE_AUTORELEASING = YES;
				CLANG_WARN_BOOL_CONVERSION = YES;
				CLANG_WARN_COMMA = YES;
				CLANG_WARN_CONSTANT_CONVERSION = YES;
				CLANG_WARN_DEPRECATED_OBJC_IMPLEMENTATIONS = YES;
				CLANG_WARN_DIRECT_OBJC_ISA_USAGE = YES_ERROR;
				CLANG_WARN_DOCUMENTATION_COMMENTS = YES;
				CLANG_WARN_EMPTY_BODY = YES;
				CLANG_WARN_ENUM_CONVERSION = YES;
				CLANG_WARN_INFINITE_RECURSION = YES;
				CLANG_WARN_INT_CONVERSION = YES;
				CLANG_WARN_NON_LITERAL_NULL_CONVERSION = YES;
				CLANG_WARN_OBJC_IMPLICIT_RETAIN_SELF = YES;
				CLANG_WARN_OBJC_LITERAL_CONVERSION = YES;
				CLANG_WARN_OBJC_ROOT_CLASS = YES_ERROR;
				CLANG_WARN_QUOTED_INCLUDE_IN_FRAMEWORK_HEADER = YES;
				CLANG_WARN_RANGE_LOOP_ANALYSIS = YES;
				CLANG_WARN_STRICT_PROTOTYPES = YES;
				CLANG_WARN_SUSPICIOUS_MOVE = YES;
				CLANG_WARN_UNGUARDED_AVAILABILITY = YES_AGGRESSIVE;
				CLANG_WARN_UNREACHABLE_CODE = YES;
				CLANG_WARN__DUPLICATE_METHOD_MATCH = YES;
				COPY_PHASE_STRIP = NO;
				DEBUG_INFORMATION_FORMAT = "dwarf-with-dsym";
				ENABLE_NS_ASSERTIONS = NO;
				ENABLE_STRICT_OBJC_MSGSEND = YES;
				GCC_C_LANGUAGE_STANDARD = gnu11;
				GCC_NO_COMMON_BLOCKS = YES;
				GCC_WARN_64_TO_32_BIT_CONVERSION = YES;
				GCC_WARN_ABOUT_RETURN_TYPE = YES_ERROR;
				GCC_WARN_UNDECLARED_SELECTOR = YES;
				GCC_WARN_UNINITIALIZED_AUTOS = YES_AGGRESSIVE;
				GCC_WARN_UNUSED_FUNCTION = YES;
				GCC_WARN_UNUSED_VARIABLE = YES;
				MTL_ENABLE_DEBUG_INFO = NO;
				MTL_FAST_MATH = YES;
				SWIFT_COMPILATION_MODE = wholemodule;
				SWIFT_OPTIMIZATION_LEVEL = "-O";
			};
			name = Release;
		};
		014DA530268234510054A482 /* Debug */ = {
			isa = XCBuildConfiguration;
			buildSettings = {
				ASSETCATALOG_COMPILER_APPICON_NAME = AppIcon;
				ASSETCATALOG_COMPILER_GLOBAL_ACCENT_COLOR_NAME = AccentColor;
				CLANG_ENABLE_MODULES = YES;
				CODE_SIGN_STYLE = Automatic;
				CURRENT_PROJECT_VERSION = 1;
				DEVELOPMENT_TEAM = CBY22P58G8;
				ENABLE_PREVIEWS = YES;
				GENERATE_INFOPLIST_FILE = YES;
				INFOPLIST_FILE = "daylight--iOS--Info.plist";
				INFOPLIST_KEY_CFBundleExecutable = daylight;
				INFOPLIST_KEY_CFBundleName = daylight;
				INFOPLIST_KEY_CFBundleVersion = 1;
				INFOPLIST_KEY_UIApplicationSceneManifest_Generation = YES;
				INFOPLIST_KEY_UIApplicationSupportsIndirectInputEvents = YES;
				INFOPLIST_KEY_UILaunchScreen_Generation = YES;
				INFOPLIST_KEY_UISupportedInterfaceOrientations_iPad = "UIInterfaceOrientationPortrait UIInterfaceOrientationPortraitUpsideDown UIInterfaceOrientationLandscapeLeft UIInterfaceOrientationLandscapeRight";
				INFOPLIST_KEY_UISupportedInterfaceOrientations_iPhone = "UIInterfaceOrientationPortrait UIInterfaceOrientationLandscapeLeft UIInterfaceOrientationLandscapeRight";
				IPHONEOS_DEPLOYMENT_TARGET = 14.0;
				LD_RUNPATH_SEARCH_PATHS = (
					"$(inherited)",
					"@executable_path/Frameworks",
				);
				MARKETING_VERSION = 1.0;
				PRODUCT_BUNDLE_IDENTIFIER = is.rud.daylight;
				PRODUCT_NAME = daylight;
				SDKROOT = iphoneos;
				SWIFT_EMIT_LOC_STRINGS = YES;
				SWIFT_OBJC_BRIDGING_HEADER = "Shared/daylight (iOS)-Bridging-Header.h";
				SWIFT_OPTIMIZATION_LEVEL = "-Onone";
				SWIFT_VERSION = 5.0;
				TARGETED_DEVICE_FAMILY = "1,2";
			};
			name = Debug;
		};
		014DA531268234510054A482 /* Release */ = {
			isa = XCBuildConfiguration;
			buildSettings = {
				ASSETCATALOG_COMPILER_APPICON_NAME = AppIcon;
				ASSETCATALOG_COMPILER_GLOBAL_ACCENT_COLOR_NAME = AccentColor;
				CLANG_ENABLE_MODULES = YES;
				CODE_SIGN_STYLE = Automatic;
				CURRENT_PROJECT_VERSION = 1;
				DEVELOPMENT_TEAM = CBY22P58G8;
				ENABLE_PREVIEWS = YES;
				GENERATE_INFOPLIST_FILE = YES;
				INFOPLIST_FILE = "daylight--iOS--Info.plist";
				INFOPLIST_KEY_CFBundleExecutable = daylight;
				INFOPLIST_KEY_CFBundleName = daylight;
				INFOPLIST_KEY_CFBundleVersion = 1;
				INFOPLIST_KEY_UIApplicationSceneManifest_Generation = YES;
				INFOPLIST_KEY_UIApplicationSupportsIndirectInputEvents = YES;
				INFOPLIST_KEY_UILaunchScreen_Generation = YES;
				INFOPLIST_KEY_UISupportedInterfaceOrientations_iPad = "UIInterfaceOrientationPortrait UIInterfaceOrientationPortraitUpsideDown UIInterfaceOrientationLandscapeLeft UIInterfaceOrientationLandscapeRight";
				INFOPLIST_KEY_UISupportedInterfaceOrientations_iPhone = "UIInterfaceOrientationPortrait UIInterfaceOrientationLandscapeLeft UIInterfaceOrientationLandscapeRight";
				IPHONEOS_DEPLOYMENT_TARGET = 14.0;
				LD_RUNPATH_SEARCH_PATHS = (
					"$(inherited)",
					"@executable_path/Frameworks",
				);
				MARKETING_VERSION = 1.0;
				PRODUCT_BUNDLE_IDENTIFIER = is.rud.daylight;
				PRODUCT_NAME = daylight;
				SDKROOT = iphoneos;
				SWIFT_EMIT_LOC_STRINGS = YES;
				SWIFT_OBJC_BRIDGING_HEADER = "Shared/daylight (iOS)-Bridging-Header.h";
				SWIFT_VERSION = 5.0;
				TARGETED_DEVICE_FAMILY = "1,2";
				VALIDATE_PRODUCT = YES;
			};
			name = Release;
		};
		014DA533268234510054A482 /* Debug */ = {
			isa = XCBuildConfiguration;
			buildSettings = {
				ASSETCATALOG_COMPILER_APPICON_NAME = AppIcon;
				ASSETCATALOG_COMPILER_GLOBAL_ACCENT_COLOR_NAME = AccentColor;
				CLANG_ENABLE_MODULES = YES;
				CODE_SIGN_ENTITLEMENTS = daylight.entitlements;
				CODE_SIGN_STYLE = Automatic;
				COMBINE_HIDPI_IMAGES = YES;
				CURRENT_PROJECT_VERSION = 1;
				DEVELOPMENT_TEAM = CBY22P58G8;
				ENABLE_APP_SANDBOX = YES;
				ENABLE_HARDENED_RUNTIME = YES;
				ENABLE_PREVIEWS = YES;
				ENABLE_USER_SELECTED_FILES = readonly;
				GENERATE_INFOPLIST_FILE = YES;
				INFOPLIST_FILE = "daylight--macOS--Info.plist";
				INFOPLIST_KEY_CFBundleExecutable = daylight;
				INFOPLIST_KEY_CFBundleName = daylight;
				INFOPLIST_KEY_CFBundleVersion = 1;
				INFOPLIST_KEY_NSHumanReadableCopyright = "";
				LD_RUNPATH_SEARCH_PATHS = (
					"$(inherited)",
					"@executable_path/../Frameworks",
				);
				MACOSX_DEPLOYMENT_TARGET = 11.0;
				MARKETING_VERSION = 1.0;
				PRODUCT_BUNDLE_IDENTIFIER = is.rud.daylight;
				PRODUCT_NAME = daylight;
				SDKROOT = macosx;
				SWIFT_EMIT_LOC_STRINGS = YES;
				SWIFT_OBJC_BRIDGING_HEADER = "Shared/daylight (macOS)-Bridging-Header.h";
				SWIFT_OPTIMIZATION_LEVEL = "-Onone";
				SWIFT_VERSION = 5.0;
			};
			name = Debug;
		};
		014DA534268234510054A482 /* Release */ = {
			isa = XCBuildConfiguration;
			buildSettings = {
				ASSETCATALOG_COMPILER_APPICON_NAME = AppIcon;
				ASSETCATALOG_COMPILER_GLOBAL_ACCENT_COLOR_NAME = AccentColor;
				CLANG_ENABLE_MODULES = YES;
				CODE_SIGN_ENTITLEMENTS = daylight.entitlements;
				CODE_SIGN_STYLE = Automatic;
				COMBINE_HIDPI_IMAGES = YES;
				CURRENT_PROJECT_VERSION = 1;
				DEVELOPMENT_TEAM = CBY22P58G8;
				ENABLE_APP_SANDBOX = YES;
				ENABLE_HARDENED_RUNTIME = YES;
				ENABLE_PREVIEWS = YES;
				ENABLE_USER_SELECTED_FILES = readonly;
				GENERATE_INFOPLIST_FILE = YES;
				INFOPLIST_FILE = "daylight--macOS--Info.plist";
				INFOPLIST_KEY_CFBundleExecutable = daylight;
				INFOPLIST_KEY_CFBundleName = daylight;
				INFOPLIST_KEY_CFBundleVersion = 1;
				INFOPLIST_KEY_NSHumanReadableCopyright = "";
				LD_RUNPATH_SEARCH_PATHS = (
					"$(inherited)",
					"@executable_path/../Frameworks",
				);
				MACOSX_DEPLOYMENT_TARGET = 11.0;
				MARKETING_VERSION = 1.0;
				PRODUCT_BUNDLE_IDENTIFIER = is.rud.daylight;
				PRODUCT_NAME = daylight;
				SDKROOT = macosx;
				SWIFT_EMIT_LOC_STRINGS = YES;
				SWIFT_OBJC_BRIDGING_HEADER = "Shared/daylight (macOS)-Bridging-Header.h";
				SWIFT_VERSION = 5.0;
			};
			name = Release;
		};
/* End XCBuildConfiguration section */

/* Begin XCConfigurationList section */
		014DA517268234500054A482 /* Build configuration list for PBXProject "daylight" */ = {
			isa = XCConfigurationList;
			buildConfigurations = (
				014DA52D268234510054A482 /* Debug */,
				014DA52E268234510054A482 /* Release */,
			);
			defaultConfigurationIsVisible = 0;
			defaultConfigurationName = Release;
		};
		014DA52F268234510054A482 /* Build configuration list for PBXNativeTarget "daylight (iOS)" */ = {
			isa = XCConfigurationList;
			buildConfigurations = (
				014DA530268234510054A482 /* Debug */,
				014DA531268234510054A482 /* Release */,
			);
			defaultConfigurationIsVisible = 0;
			defaultConfigurationName = Release;
		};
		014DA532268234510054A482 /* Build configuration list for PBXNativeTarget "daylight (macOS)" */ = {
			isa = XCConfigurationList;
			buildConfigurations = (
				014DA533268234510054A482 /* Debug */,
				014DA534268234510054A482 /* Release */,
			);
			defaultConfigurationIsVisible = 0;
			defaultConfigurationName = Release;
		};
/* End XCConfigurationList section */
	};
	rootObject = 014DA514268234500054A482 /* Project object */;
}
